// !$*UTF8*$!
{
	archiveVersion = 1;
	classes = {
	};
	objectVersion = 50;
	objects = {

/* Begin PBXBuildFile section */
		3530315624A00F1800D8AD2D /* AppDelegate.swift in Sources */ = {isa = PBXBuildFile; fileRef = 3530315524A00F1800D8AD2D /* AppDelegate.swift */; };
		3530315824A00F1800D8AD2D /* SceneDelegate.swift in Sources */ = {isa = PBXBuildFile; fileRef = 3530315724A00F1800D8AD2D /* SceneDelegate.swift */; };
		3530315A24A00F1800D8AD2D /* ContentView.swift in Sources */ = {isa = PBXBuildFile; fileRef = 3530315924A00F1800D8AD2D /* ContentView.swift */; };
		3530315C24A00F1A00D8AD2D /* Assets.xcassets in Resources */ = {isa = PBXBuildFile; fileRef = 3530315B24A00F1A00D8AD2D /* Assets.xcassets */; };
		3530315F24A00F1A00D8AD2D /* Preview Assets.xcassets in Resources */ = {isa = PBXBuildFile; fileRef = 3530315E24A00F1A00D8AD2D /* Preview Assets.xcassets */; };
		3530316224A00F1A00D8AD2D /* LaunchScreen.storyboard in Resources */ = {isa = PBXBuildFile; fileRef = 3530316024A00F1A00D8AD2D /* LaunchScreen.storyboard */; };
/* End PBXBuildFile section */

/* Begin PBXFileReference section */
		3530315224A00F1800D8AD2D /* AngelaCard.app */ = {isa = PBXFileReference; explicitFileType = wrapper.application; includeInIndex = 0; path = AngelaCard.app; sourceTree = BUILT_PRODUCTS_DIR; };
		3530315524A00F1800D8AD2D /* AppDelegate.swift */ = {isa = PBXFileReference; lastKnownFileType = sourcecode.swift; path = AppDelegate.swift; sourceTree = "<group>"; };
		3530315724A00F1800D8AD2D /* SceneDelegate.swift */ = {isa = PBXFileReference; lastKnownFileType = sourcecode.swift; path = SceneDelegate.swift; sourceTree = "<group>"; };
		3530315924A00F1800D8AD2D /* ContentView.swift */ = {isa = PBXFileReference; lastKnownFileType = sourcecode.swift; path = ContentView.swift; sourceTree = "<group>"; };
		3530315B24A00F1A00D8AD2D /* Assets.xcassets */ = {isa = PBXFileReference; lastKnownFileType = folder.assetcatalog; path = Assets.xcassets; sourceTree = "<group>"; };
		3530315E24A00F1A00D8AD2D /* Preview Assets.xcassets */ = {isa = PBXFileReference; lastKnownFileType = folder.assetcatalog; path = "Preview Assets.xcassets"; sourceTree = "<group>"; };
		3530316124A00F1A00D8AD2D /* Base */ = {isa = PBXFileReference; lastKnownFileType = file.storyboard; name = Base; path = Base.lproj/LaunchScreen.storyboard; sourceTree = "<group>"; };
		3530316324A00F1A00D8AD2D /* Info.plist */ = {isa = PBXFileReference; lastKnownFileType = text.plist.xml; path = Info.plist; sourceTree = "<group>"; };
/* End PBXFileReference section */

/* Begin PBXFrameworksBuildPhase section */
		3530314F24A00F1800D8AD2D /* Frameworks */ = {
			isa = PBXFrameworksBuildPhase;
			buildActionMask = 2147483647;
			files = (
			);
			runOnlyForDeploymentPostprocessing = 0;
		};
/* End PBXFrameworksBuildPhase section */

/* Begin PBXGroup section */
		3530314924A00F1800D8AD2D = {
			isa = PBXGroup;
			children = (
				3530315424A00F1800D8AD2D /* AngelaCard */,
				3530315324A00F1800D8AD2D /* Products */,
			);
			sourceTree = "<group>";
		};
		3530315324A00F1800D8AD2D /* Products */ = {
			isa = PBXGroup;
			children = (
				3530315224A00F1800D8AD2D /* AngelaCard.app */,
			);
			name = Products;
			sourceTree = "<group>";
		};
		3530315424A00F1800D8AD2D /* AngelaCard */ = {
			isa = PBXGroup;
			children = (
				3530315524A00F1800D8AD2D /* AppDelegate.swift */,
				3530315724A00F1800D8AD2D /* SceneDelegate.swift */,
				3530315924A00F1800D8AD2D /* ContentView.swift */,
				3530315B24A00F1A00D8AD2D /* Assets.xcassets */,
				3530316024A00F1A00D8AD2D /* LaunchScreen.storyboard */,
				3530316324A00F1A00D8AD2D /* Info.plist */,
				3530315D24A00F1A00D8AD2D /* Preview Content */,
			);
			path = AngelaCard;
			sourceTree = "<group>";
		};
		3530315D24A00F1A00D8AD2D /* Preview Content */ = {
			isa = PBXGroup;
			children = (
				3530315E24A00F1A00D8AD2D /* Preview Assets.xcassets */,
			);
			path = "Preview Content";
			sourceTree = "<group>";
		};
/* End PBXGroup section */

/* Begin PBXNativeTarget section */
		3530315124A00F1800D8AD2D /* AngelaCard */ = {
			isa = PBXNativeTarget;
			buildConfigurationList = 3530316624A00F1A00D8AD2D /* Build configuration list for PBXNativeTarget "AngelaCard" */;
			buildPhases = (
				3530314E24A00F1800D8AD2D /* Sources */,
				3530314F24A00F1800D8AD2D /* Frameworks */,
				3530315024A00F1800D8AD2D /* Resources */,
			);
			buildRules = (
			);
			dependencies = (
			);
			name = AngelaCard;
			productName = AngelaCard;
			productReference = 3530315224A00F1800D8AD2D /* AngelaCard.app */;
			productType = "com.apple.product-type.application";
		};
/* End PBXNativeTarget section */

/* Begin PBXProject section */
		3530314A24A00F1800D8AD2D /* Project object */ = {
			isa = PBXProject;
			attributes = {
				LastSwiftUpdateCheck = 1150;
				LastUpgradeCheck = 1150;
				ORGANIZATIONNAME = Shrey;
				TargetAttributes = {
					3530315124A00F1800D8AD2D = {
						CreatedOnToolsVersion = 11.5;
					};
				};
			};
			buildConfigurationList = 3530314D24A00F1800D8AD2D /* Build configuration list for PBXProject "AngelaCard" */;
			compatibilityVersion = "Xcode 9.3";
			developmentRegion = en;
			hasScannedForEncodings = 0;
			knownRegions = (
				en,
				Base,
			);
			mainGroup = 3530314924A00F1800D8AD2D;
			productRefGroup = 3530315324A00F1800D8AD2D /* Products */;
			projectDirPath = "";
			projectRoot = "";
			targets = (
				3530315124A00F1800D8AD2D /* AngelaCard */,
			);
		};
/* End PBXProject section */

/* Begin PBXResourcesBuildPhase section */
		3530315024A00F1800D8AD2D /* Resources */ = {
			isa = PBXResourcesBuildPhase;
			buildActionMask = 2147483647;
			files = (
				3530316224A00F1A00D8AD2D /* LaunchScreen.storyboard in Resources */,
				3530315F24A00F1A00D8AD2D /* Preview Assets.xcassets in Resources */,
				3530315C24A00F1A00D8AD2D /* Assets.xcassets in Resources */,
			);
			runOnlyForDeploymentPostprocessing = 0;
		};
/* End PBXResourcesBuildPhase section */

/* Begin PBXSourcesBuildPhase section */
		3530314E24A00F1800D8AD2D /* Sources */ = {
			isa = PBXSourcesBuildPhase;
			buildActionMask = 2147483647;
			files = (
				3530315624A00F1800D8AD2D /* AppDelegate.swift in Sources */,
				3530315824A00F1800D8AD2D /* SceneDelegate.swift in Sources */,
				3530315A24A00F1800D8AD2D /* ContentView.swift in Sources */,
			);
			runOnlyForDeploymentPostprocessing = 0;
		};
/* End PBXSourcesBuildPhase section */

/* Begin PBXVariantGroup section */
		3530316024A00F1A00D8AD2D /* LaunchScreen.storyboard */ = {
			isa = PBXVariantGroup;
			children = (
				3530316124A00F1A00D8AD2D /* Base */,
			);
			name = LaunchScreen.storyboard;
			sourceTree = "<group>";
		};
/* End PBXVariantGroup section */

/* Begin XCBuildConfiguration section */
		3530316424A00F1A00D8AD2D /* Debug */ = {
			isa = XCBuildConfiguration;
			buildSettings = {
				ALWAYS_SEARCH_USER_PATHS = NO;
				CLANG_ANALYZER_NONNULL = YES;
				CLANG_ANALYZER_NUMBER_OBJECT_CONVERSION = YES_AGGRESSIVE;
				CLANG_CXX_LANGUAGE_STANDARD = "gnu++14";
				CLANG_CXX_LIBRARY = "libc++";
				CLANG_ENABLE_MODULES = YES;
				CLANG_ENABLE_OBJC_ARC = YES;
				CLANG_ENABLE_OBJC_WEAK = YES;
				CLANG_WARN_BLOCK_CAPTURE_AUTORELEASING = YES;
				CLANG_WARN_BOOL_CONVERSION = YES;
				CLANG_WARN_COMMA = YES;
				CLANG_WARN_CONSTANT_CONVERSION = YES;
				CLANG_WARN_DEPRECATED_OBJC_IMPLEMENTATIONS = YES;
				CLANG_WARN_DIRECT_OBJC_ISA_USAGE = YES_ERROR;
				CLANG_WARN_DOCUMENTATION_COMMENTS = YES;
				CLANG_WARN_EMPTY_BODY = YES;
				CLANG_WARN_ENUM_CONVERSION = YES;
				CLANG_WARN_INFINITE_RECURSION = YES;
				CLANG_WARN_INT_CONVERSION = YES;
				CLANG_WARN_NON_LITERAL_NULL_CONVERSION = YES;
				CLANG_WARN_OBJC_IMPLICIT_RETAIN_SELF = YES;
				CLANG_WARN_OBJC_LITERAL_CONVERSION = YES;
				CLANG_WARN_OBJC_ROOT_CLASS = YES_ERROR;
				CLANG_WARN_RANGE_LOOP_ANALYSIS = YES;
				CLANG_WARN_STRICT_PROTOTYPES = YES;
				CLANG_WARN_SUSPICIOUS_MOVE = YES;
				CLANG_WARN_UNGUARDED_AVAILABILITY = YES_AGGRESSIVE;
				CLANG_WARN_UNREACHABLE_CODE = YES;
				CLANG_WARN__DUPLICATE_METHOD_MATCH = YES;
				COPY_PHASE_STRIP = NO;
				DEBUG_INFORMATION_FORMAT = dwarf;
				ENABLE_STRICT_OBJC_MSGSEND = YES;
				ENABLE_TESTABILITY = YES;
				GCC_C_LANGUAGE_STANDARD = gnu11;
				GCC_DYNAMIC_NO_PIC = NO;
				GCC_NO_COMMON_BLOCKS = YES;
				GCC_OPTIMIZATION_LEVEL = 0;
				GCC_PREPROCESSOR_DEFINITIONS = (
					"DEBUG=1",
					"$(inherited)",
				);
				GCC_WARN_64_TO_32_BIT_CONVERSION = YES;
				GCC_WARN_ABOUT_RETURN_TYPE = YES_ERROR;
				GCC_WARN_UNDECLARED_SELECTOR = YES;
				GCC_WARN_UNINITIALIZED_AUTOS = YES_AGGRESSIVE;
				GCC_WARN_UNUSED_FUNCTION = YES;
				GCC_WARN_UNUSED_VARIABLE = YES;
				IPHONEOS_DEPLOYMENT_TARGET = 13.5;
				MTL_ENABLE_DEBUG_INFO = INCLUDE_SOURCE;
				MTL_FAST_MATH = YES;
				ONLY_ACTIVE_ARCH = YES;
				SDKROOT = iphoneos;
				SWIFT_ACTIVE_COMPILATION_CONDITIONS = DEBUG;
				SWIFT_OPTIMIZATION_LEVEL = "-Onone";
			};
			name = Debug;
		};
		3530316524A00F1A00D8AD2D /* Release */ = {
			isa = XCBuildConfiguration;
			buildSettings = {
				ALWAYS_SEARCH_USER_PATHS = NO;
				CLANG_ANALYZER_NONNULL = YES;
				CLANG_ANALYZER_NUMBER_OBJECT_CONVERSION = YES_AGGRESSIVE;
				CLANG_CXX_LANGUAGE_STANDARD = "gnu++14";
				CLANG_CXX_LIBRARY = "libc++";
				CLANG_ENABLE_MODULES = YES;
				CLANG_ENABLE_OBJC_ARC = YES;
				CLANG_ENABLE_OBJC_WEAK = YES;
				CLANG_WARN_BLOCK_CAPTURE_AUTORELEASING = YES;
				CLANG_WARN_BOOL_CONVERSION = YES;
				CLANG_WARN_COMMA = YES;
				CLANG_WARN_CONSTANT_CONVERSION = YES;
				CLANG_WARN_DEPRECATED_OBJC_IMPLEMENTATIONS = YES;
				CLANG_WARN_DIRECT_OBJC_ISA_USAGE = YES_ERROR;
				CLANG_WARN_DOCUMENTATION_COMMENTS = YES;
				CLANG_WARN_EMPTY_BODY = YES;
				CLANG_WARN_ENUM_CONVERSION = YES;
				CLANG_WARN_INFINITE_RECURSION = YES;
				CLANG_WARN_INT_CONVERSION = YES;
				CLANG_WARN_NON_LITERAL_NULL_CONVERSION = YES;
				CLANG_WARN_OBJC_IMPLICIT_RETAIN_SELF = YES;
				CLANG_WARN_OBJC_LITERAL_CONVERSION = YES;
				CLANG_WARN_OBJC_ROOT_CLASS = YES_ERROR;
				CLANG_WARN_RANGE_LOOP_ANALYSIS = YES;
				CLANG_WARN_STRICT_PROTOTYPES = YES;
				CLANG_WARN_SUSPICIOUS_MOVE = YES;
				CLANG_WARN_UNGUARDED_AVAILABILITY = YES_AGGRESSIVE;
				CLANG_WARN_UNREACHABLE_CODE = YES;
				CLANG_WARN__DUPLICATE_METHOD_MATCH = YES;
				COPY_PHASE_STRIP = NO;
				DEBUG_INFORMATION_FORMAT = "dwarf-with-dsym";
				ENABLE_NS_ASSERTIONS = NO;
				ENABLE_STRICT_OBJC_MSGSEND = YES;
				GCC_C_LANGUAGE_STANDARD = gnu11;
				GCC_NO_COMMON_BLOCKS = YES;
				GCC_WARN_64_TO_32_BIT_CONVERSION = YES;
				GCC_WARN_ABOUT_RETURN_TYPE = YES_ERROR;
				GCC_WARN_UNDECLARED_SELECTOR = YES;
				GCC_WARN_UNINITIALIZED_AUTOS = YES_AGGRESSIVE;
				GCC_WARN_UNUSED_FUNCTION = YES;
				GCC_WARN_UNUSED_VARIABLE = YES;
				IPHONEOS_DEPLOYMENT_TARGET = 13.5;
				MTL_ENABLE_DEBUG_INFO = NO;
				MTL_FAST_MATH = YES;
				SDKROOT = iphoneos;
				SWIFT_COMPILATION_MODE = wholemodule;
				SWIFT_OPTIMIZATION_LEVEL = "-O";
				VALIDATE_PRODUCT = YES;
			};
			name = Release;
		};
		3530316724A00F1A00D8AD2D /* Debug */ = {
			isa = XCBuildConfiguration;
			buildSettings = {
				ASSETCATALOG_COMPILER_APPICON_NAME = AppIcon;
				CODE_SIGN_STYLE = Automatic;
				DEVELOPMENT_ASSET_PATHS = "\"AngelaCard/Preview Content\"";
				DEVELOPMENT_TEAM = U4N8ZF8AH7;
				ENABLE_PREVIEWS = YES;
				INFOPLIST_FILE = AngelaCard/Info.plist;
				LD_RUNPATH_SEARCH_PATHS = (
					"$(inherited)",
					"@executable_path/Frameworks",
				);
				PRODUCT_BUNDLE_IDENTIFIER = com.shrey.AngelaCard;
				PRODUCT_NAME = "$(TARGET_NAME)";
				SWIFT_VERSION = 5.0;
				TARGETED_DEVICE_FAMILY = "1,2";
			};
			name = Debug;
		};
		3530316824A00F1A00D8AD2D /* Release */ = {
			isa = XCBuildConfiguration;
			buildSettings = {
				ASSETCATALOG_COMPILER_APPICON_NAME = AppIcon;
				CODE_SIGN_STYLE = Automatic;
				DEVELOPMENT_ASSET_PATHS = "\"AngelaCard/Preview Content\"";
				DEVELOPMENT_TEAM = U4N8ZF8AH7;
				ENABLE_PREVIEWS = YES;
				INFOPLIST_FILE = AngelaCard/Info.plist;
				LD_RUNPATH_SEARCH_PATHS = (
					"$(inherited)",
					"@executable_path/Frameworks",
				);
				PRODUCT_BUNDLE_IDENTIFIER = com.shrey.AngelaCard;
				PRODUCT_NAME = "$(TARGET_NAME)";
				SWIFT_VERSION = 5.0;
				TARGETED_DEVICE_FAMILY = "1,2";
			};
			name = Release;
		};
/* End XCBuildConfiguration section */

/* Begin XCConfigurationList section */
		3530314D24A00F1800D8AD2D /* Build configuration list for PBXProject "AngelaCard" */ = {
			isa = XCConfigurationList;
			buildConfigurations = (
				3530316424A00F1A00D8AD2D /* Debug */,
				3530316524A00F1A00D8AD2D /* Release */,
			);
			defaultConfigurationIsVisible = 0;
			defaultConfigurationName = Release;
		};
		3530316624A00F1A00D8AD2D /* Build configuration list for PBXNativeTarget "AngelaCard" */ = {
			isa = XCConfigurationList;
			buildConfigurations = (
				3530316724A00F1A00D8AD2D /* Debug */,
				3530316824A00F1A00D8AD2D /* Release */,
			);
			defaultConfigurationIsVisible = 0;
			defaultConfigurationName = Release;
		};
/* End XCConfigurationList section */
	};
	rootObject = 3530314A24A00F1800D8AD2D /* Project object */;
}
